
Microsoft Visual Studio Solution File, Format Version 12.00
# Visual Studio Version 16
VisualStudioVersion = 16.0.29509.3
MinimumVisualStudioVersion = 10.0.40219.1
Project("{FAE04EC0-301F-11D3-BF4B-00C04F79EFBC}") = "C72Scan.Android", "C72Scan\C72Scan.Android\C72Scan.Android.csproj", "{9C2A7A97-75A6-4255-A79E-015E0DDBED71}"
EndProject
Project("{FAE04EC0-301F-11D3-BF4B-00C04F79EFBC}") = "C72Scan", "C72Scan\C72Scan\C72Scan.csproj", "{FE15A86E-4136-423A-A768-76C8161A5105}"
EndProject
Global
	GlobalSection(SolutionConfigurationPlatforms) = preSolution
		Debug|Any CPU = Debug|Any CPU
		Release|Any CPU = Release|Any CPU
	EndGlobalSection
	GlobalSection(ProjectConfigurationPlatforms) = postSolution
		{9C2A7A97-75A6-4255-A79E-015E0DDBED71}.Debug|Any CPU.ActiveCfg = Debug|Any CPU
		{9C2A7A97-75A6-4255-A79E-015E0DDBED71}.Debug|Any CPU.Build.0 = Debug|Any CPU
		{9C2A7A97-75A6-4255-A79E-015E0DDBED71}.Debug|Any CPU.Deploy.0 = Debug|Any CPU
		{9C2A7A97-75A6-4255-A79E-015E0DDBED71}.Release|Any CPU.ActiveCfg = Release|Any CPU
		{9C2A7A97-75A6-4255-A79E-015E0DDBED71}.Release|Any CPU.Build.0 = Release|Any CPU
		{9C2A7A97-75A6-4255-A79E-015E0DDBED71}.Release|Any CPU.Deploy.0 = Release|Any CPU
		{FE15A86E-4136-423A-A768-76C8161A5105}.Debug|Any CPU.ActiveCfg = Debug|Any CPU
		{FE15A86E-4136-423A-A768-76C8161A5105}.Debug|Any CPU.Build.0 = Debug|Any CPU
		{FE15A86E-4136-423A-A768-76C8161A5105}.Debug|Any CPU.Deploy.0 = Debug|Any CPU
		{FE15A86E-4136-423A-A768-76C8161A5105}.Release|Any CPU.ActiveCfg = Release|Any CPU
		{FE15A86E-4136-423A-A768-76C8161A5105}.Release|Any CPU.Build.0 = Release|Any CPU
		{FE15A86E-4136-423A-A768-76C8161A5105}.Release|Any CPU.Deploy.0 = Release|Any CPU
	EndGlobalSection
	GlobalSection(SolutionProperties) = preSolution
		HideSolutionNode = FALSE
	EndGlobalSection
	GlobalSection(ExtensibilityGlobals) = postSolution
		SolutionGuid = {3C1D44C5-9B9A-4DDA-9DF5-201A94549C88}
	EndGlobalSection
EndGlobal
